
Microsoft Visual Studio Solution File, Format Version 12.00
# Visual Studio Version 17
VisualStudioVersion = 17.6.33829.357
MinimumVisualStudioVersion = 10.0.40219.1
Project("{FAE04EC0-301F-11D3-BF4B-00C04F79EFBC}") = "ConsoleApp1", "ConsoleApp1\ConsoleApp1.csproj", "{48DA6F26-8FA3-4940-A426-25BC3C78D1D9}"
EndProject
Global
	GlobalSection(SolutionConfigurationPlatforms) = preSolution
		Debug|Any CPU = Debug|Any CPU
		Release|Any CPU = Release|Any CPU
	EndGlobalSection
	GlobalSection(ProjectConfigurationPlatforms) = postSolution
		{48DA6F26-8FA3-4940-A426-25BC3C78D1D9}.Debug|Any CPU.ActiveCfg = Debug|Any CPU
		{48DA6F26-8FA3-4940-A426-25BC3C78D1D9}.Debug|Any CPU.Build.0 = Debug|Any CPU
		{48DA6F26-8FA3-4940-A426-25BC3C78D1D9}.Release|Any CPU.ActiveCfg = Release|Any CPU
		{48DA6F26-8FA3-4940-A426-25BC3C78D1D9}.Release|Any CPU.Build.0 = Release|Any CPU
	EndGlobalSection
	GlobalSection(SolutionProperties) = preSolution
		HideSolutionNode = FALSE
	EndGlobalSection
	GlobalSection(ExtensibilityGlobals) = postSolution
		SolutionGuid = {380A89C9-53E0-45A4-8ED9-2A077E3DBB1E}
	EndGlobalSection
EndGlobal
